
Microsoft Visual Studio Solution File, Format Version 12.00
# Visual Studio Version 16
VisualStudioVersion = 16.0.30011.22
MinimumVisualStudioVersion = 10.0.40219.1
Project("{FAE04EC0-301F-11D3-BF4B-00C04F79EFBC}") = "ExpenseTracker.Android", "ExpenseTracker\ExpenseTracker.Android\ExpenseTracker.Android.csproj", "{2E736F90-9487-47F7-AE3B-774DC05B1E70}"
EndProject
Project("{FAE04EC0-301F-11D3-BF4B-00C04F79EFBC}") = "ExpenseTracker.iOS", "ExpenseTracker\ExpenseTracker.iOS\ExpenseTracker.iOS.csproj", "{CB985B1A-E3EC-4440-84C9-0977A70C43F6}"
EndProject
Project("{FAE04EC0-301F-11D3-BF4B-00C04F79EFBC}") = "ExpenseTracker", "ExpenseTracker\ExpenseTracker\ExpenseTracker.csproj", "{E86C8AD9-053C-471C-8992-AD292E9B3B58}"
EndProject
Global
	GlobalSection(SolutionConfigurationPlatforms) = preSolution
		Debug|Any CPU = Debug|Any CPU
		Debug|iPhone = Debug|iPhone
		Debug|iPhoneSimulator = Debug|iPhoneSimulator
		Release|Any CPU = Release|Any CPU
		Release|iPhone = Release|iPhone
		Release|iPhoneSimulator = Release|iPhoneSimulator
	EndGlobalSection
	GlobalSection(ProjectConfigurationPlatforms) = postSolution
		{2E736F90-9487-47F7-AE3B-774DC05B1E70}.Debug|Any CPU.ActiveCfg = Debug|Any CPU
		{2E736F90-9487-47F7-AE3B-774DC05B1E70}.Debug|Any CPU.Build.0 = Debug|Any CPU
		{2E736F90-9487-47F7-AE3B-774DC05B1E70}.Debug|Any CPU.Deploy.0 = Debug|Any CPU
		{2E736F90-9487-47F7-AE3B-774DC05B1E70}.Debug|iPhone.ActiveCfg = Debug|Any CPU
		{2E736F90-9487-47F7-AE3B-774DC05B1E70}.Debug|iPhone.Build.0 = Debug|Any CPU
		{2E736F90-9487-47F7-AE3B-774DC05B1E70}.Debug|iPhone.Deploy.0 = Debug|Any CPU
		{2E736F90-9487-47F7-AE3B-774DC05B1E70}.Debug|iPhoneSimulator.ActiveCfg = Debug|Any CPU
		{2E736F90-9487-47F7-AE3B-774DC05B1E70}.Debug|iPhoneSimulator.Build.0 = Debug|Any CPU
		{2E736F90-9487-47F7-AE3B-774DC05B1E70}.Debug|iPhoneSimulator.Deploy.0 = Debug|Any CPU
		{2E736F90-9487-47F7-AE3B-774DC05B1E70}.Release|Any CPU.ActiveCfg = Release|Any CPU
		{2E736F90-9487-47F7-AE3B-774DC05B1E70}.Release|Any CPU.Build.0 = Release|Any CPU
		{2E736F90-9487-47F7-AE3B-774DC05B1E70}.Release|Any CPU.Deploy.0 = Release|Any CPU
		{2E736F90-9487-47F7-AE3B-774DC05B1E70}.Release|iPhone.ActiveCfg = Release|Any CPU
		{2E736F90-9487-47F7-AE3B-774DC05B1E70}.Release|iPhone.Build.0 = Release|Any CPU
		{2E736F90-9487-47F7-AE3B-774DC05B1E70}.Release|iPhone.Deploy.0 = Release|Any CPU
		{2E736F90-9487-47F7-AE3B-774DC05B1E70}.Release|iPhoneSimulator.ActiveCfg = Release|Any CPU
		{2E736F90-9487-47F7-AE3B-774DC05B1E70}.Release|iPhoneSimulator.Build.0 = Release|Any CPU
		{2E736F90-9487-47F7-AE3B-774DC05B1E70}.Release|iPhoneSimulator.Deploy.0 = Release|Any CPU
		{CB985B1A-E3EC-4440-84C9-0977A70C43F6}.Debug|Any CPU.ActiveCfg = Debug|iPhone
		{CB985B1A-E3EC-4440-84C9-0977A70C43F6}.Debug|Any CPU.Build.0 = Debug|iPhone
		{CB985B1A-E3EC-4440-84C9-0977A70C43F6}.Debug|Any CPU.Deploy.0 = Debug|iPhone
		{CB985B1A-E3EC-4440-84C9-0977A70C43F6}.Debug|iPhone.ActiveCfg = Debug|iPhone
		{CB985B1A-E3EC-4440-84C9-0977A70C43F6}.Debug|iPhone.Build.0 = Debug|iPhone
		{CB985B1A-E3EC-4440-84C9-0977A70C43F6}.Debug|iPhone.Deploy.0 = Debug|iPhone
		{CB985B1A-E3EC-4440-84C9-0977A70C43F6}.Debug|iPhoneSimulator.ActiveCfg = Debug|iPhoneSimulator
		{CB985B1A-E3EC-4440-84C9-0977A70C43F6}.Debug|iPhoneSimulator.Build.0 = Debug|iPhoneSimulator
		{CB985B1A-E3EC-4440-84C9-0977A70C43F6}.Debug|iPhoneSimulator.Deploy.0 = Debug|iPhoneSimulator
		{CB985B1A-E3EC-4440-84C9-0977A70C43F6}.Release|Any CPU.ActiveCfg = Release|iPhone
		{CB985B1A-E3EC-4440-84C9-0977A70C43F6}.Release|Any CPU.Build.0 = Release|iPhone
		{CB985B1A-E3EC-4440-84C9-0977A70C43F6}.Release|Any CPU.Deploy.0 = Release|iPhone
		{CB985B1A-E3EC-4440-84C9-0977A70C43F6}.Release|iPhone.ActiveCfg = Release|iPhone
		{CB985B1A-E3EC-4440-84C9-0977A70C43F6}.Release|iPhone.Build.0 = Release|iPhone
		{CB985B1A-E3EC-4440-84C9-0977A70C43F6}.Release|iPhone.Deploy.0 = Release|iPhone
		{CB985B1A-E3EC-4440-84C9-0977A70C43F6}.Release|iPhoneSimulator.ActiveCfg = Release|iPhoneSimulator
		{CB985B1A-E3EC-4440-84C9-0977A70C43F6}.Release|iPhoneSimulator.Build.0 = Release|iPhoneSimulator
		{CB985B1A-E3EC-4440-84C9-0977A70C43F6}.Release|iPhoneSimulator.Deploy.0 = Release|iPhoneSimulator
		{E86C8AD9-053C-471C-8992-AD292E9B3B58}.Debug|Any CPU.ActiveCfg = Debug|Any CPU
		{E86C8AD9-053C-471C-8992-AD292E9B3B58}.Debug|Any CPU.Build.0 = Debug|Any CPU
		{E86C8AD9-053C-471C-8992-AD292E9B3B58}.Debug|Any CPU.Deploy.0 = Debug|Any CPU
		{E86C8AD9-053C-471C-8992-AD292E9B3B58}.Debug|iPhone.ActiveCfg = Debug|Any CPU
		{E86C8AD9-053C-471C-8992-AD292E9B3B58}.Debug|iPhone.Build.0 = Debug|Any CPU
		{E86C8AD9-053C-471C-8992-AD292E9B3B58}.Debug|iPhone.Deploy.0 = Debug|Any CPU
		{E86C8AD9-053C-471C-8992-AD292E9B3B58}.Debug|iPhoneSimulator.ActiveCfg = Debug|Any CPU
		{E86C8AD9-053C-471C-8992-AD292E9B3B58}.Debug|iPhoneSimulator.Build.0 = Debug|Any CPU
		{E86C8AD9-053C-471C-8992-AD292E9B3B58}.Debug|iPhoneSimulator.Deploy.0 = Debug|Any CPU
		{E86C8AD9-053C-471C-8992-AD292E9B3B58}.Release|Any CPU.ActiveCfg = Release|Any CPU
		{E86C8AD9-053C-471C-8992-AD292E9B3B58}.Release|Any CPU.Build.0 = Release|Any CPU
		{E86C8AD9-053C-471C-8992-AD292E9B3B58}.Release|Any CPU.Deploy.0 = Release|Any CPU
		{E86C8AD9-053C-471C-8992-AD292E9B3B58}.Release|iPhone.ActiveCfg = Release|Any CPU
		{E86C8AD9-053C-471C-8992-AD292E9B3B58}.Release|iPhone.Build.0 = Release|Any CPU
		{E86C8AD9-053C-471C-8992-AD292E9B3B58}.Release|iPhone.Deploy.0 = Release|Any CPU
		{E86C8AD9-053C-471C-8992-AD292E9B3B58}.Release|iPhoneSimulator.ActiveCfg = Release|Any CPU
		{E86C8AD9-053C-471C-8992-AD292E9B3B58}.Release|iPhoneSimulator.Build.0 = Release|Any CPU
		{E86C8AD9-053C-471C-8992-AD292E9B3B58}.Release|iPhoneSimulator.Deploy.0 = Release|Any CPU
	EndGlobalSection
	GlobalSection(SolutionProperties) = preSolution
		HideSolutionNode = FALSE
	EndGlobalSection
	GlobalSection(ExtensibilityGlobals) = postSolution
		SolutionGuid = {367809F3-ADED-40A3-8778-552899F34EA9}
	EndGlobalSection
EndGlobal
